
Microsoft Visual Studio Solution File, Format Version 12.00
# Visual Studio Version 17
VisualStudioVersion = 17.1.32421.90
MinimumVisualStudioVersion = 10.0.40219.1
Project("{FAE04EC0-301F-11D3-BF4B-00C04F79EFBC}") = "TOMBOLA", "TOMBOLA\TOMBOLA.csproj", "{FB646058-4062-437E-9E69-D796123B51D7}"
EndProject
Global
	GlobalSection(SolutionConfigurationPlatforms) = preSolution
		Debug|Any CPU = Debug|Any CPU
		Release|Any CPU = Release|Any CPU
	EndGlobalSection
	GlobalSection(ProjectConfigurationPlatforms) = postSolution
		{FB646058-4062-437E-9E69-D796123B51D7}.Debug|Any CPU.ActiveCfg = Debug|Any CPU
		{FB646058-4062-437E-9E69-D796123B51D7}.Debug|Any CPU.Build.0 = Debug|Any CPU
		{FB646058-4062-437E-9E69-D796123B51D7}.Release|Any CPU.ActiveCfg = Release|Any CPU
		{FB646058-4062-437E-9E69-D796123B51D7}.Release|Any CPU.Build.0 = Release|Any CPU
	EndGlobalSection
	GlobalSection(SolutionProperties) = preSolution
		HideSolutionNode = FALSE
	EndGlobalSection
	GlobalSection(ExtensibilityGlobals) = postSolution
		SolutionGuid = {DD9CC4A5-5776-4075-B87E-6F677688B3D4}
	EndGlobalSection
EndGlobal
